
Microsoft Visual Studio Solution File, Format Version 12.00
# Visual Studio Version 17
VisualStudioVersion = 17.0.31903.59
MinimumVisualStudioVersion = 10.0.40219.1
Project("{FAE04EC0-301F-11D3-BF4B-00C04F79EFBC}") = "dcu-weather-api", "dcu-weather-api\dcu-weather-api.csproj", "{9D6259FF-C2F4-4963-B023-B19FC5F80B6D}"
EndProject
Project("{FAE04EC0-301F-11D3-BF4B-00C04F79EFBC}") = "dcu-weather-common", "dcu-weather-common\dcu-weather-common.csproj", "{471EFD5B-78DD-44CA-8F30-90AA0E2D7C74}"
EndProject
Project("{FAE04EC0-301F-11D3-BF4B-00C04F79EFBC}") = "dcu-weather-api.Tests", "dcu-weather-api.Tests\dcu-weather-api.Tests.csproj", "{F485C3CA-D1A6-4AB3-A4E5-2D1B223408D7}"
EndProject
Global
	GlobalSection(SolutionConfigurationPlatforms) = preSolution
		Debug|Any CPU = Debug|Any CPU
		Debug|x64 = Debug|x64
		Debug|x86 = Debug|x86
		Release|Any CPU = Release|Any CPU
		Release|x64 = Release|x64
		Release|x86 = Release|x86
	EndGlobalSection
	GlobalSection(ProjectConfigurationPlatforms) = postSolution
		{9D6259FF-C2F4-4963-B023-B19FC5F80B6D}.Debug|Any CPU.ActiveCfg = Debug|Any CPU
		{9D6259FF-C2F4-4963-B023-B19FC5F80B6D}.Debug|Any CPU.Build.0 = Debug|Any CPU
		{9D6259FF-C2F4-4963-B023-B19FC5F80B6D}.Debug|x64.ActiveCfg = Debug|Any CPU
		{9D6259FF-C2F4-4963-B023-B19FC5F80B6D}.Debug|x64.Build.0 = Debug|Any CPU
		{9D6259FF-C2F4-4963-B023-B19FC5F80B6D}.Debug|x86.ActiveCfg = Debug|Any CPU
		{9D6259FF-C2F4-4963-B023-B19FC5F80B6D}.Debug|x86.Build.0 = Debug|Any CPU
		{9D6259FF-C2F4-4963-B023-B19FC5F80B6D}.Release|Any CPU.ActiveCfg = Release|Any CPU
		{9D6259FF-C2F4-4963-B023-B19FC5F80B6D}.Release|Any CPU.Build.0 = Release|Any CPU
		{9D6259FF-C2F4-4963-B023-B19FC5F80B6D}.Release|x64.ActiveCfg = Release|Any CPU
		{9D6259FF-C2F4-4963-B023-B19FC5F80B6D}.Release|x64.Build.0 = Release|Any CPU
		{9D6259FF-C2F4-4963-B023-B19FC5F80B6D}.Release|x86.ActiveCfg = Release|Any CPU
		{9D6259FF-C2F4-4963-B023-B19FC5F80B6D}.Release|x86.Build.0 = Release|Any CPU
		{471EFD5B-78DD-44CA-8F30-90AA0E2D7C74}.Debug|Any CPU.ActiveCfg = Debug|Any CPU
		{471EFD5B-78DD-44CA-8F30-90AA0E2D7C74}.Debug|Any CPU.Build.0 = Debug|Any CPU
		{471EFD5B-78DD-44CA-8F30-90AA0E2D7C74}.Debug|x64.ActiveCfg = Debug|Any CPU
		{471EFD5B-78DD-44CA-8F30-90AA0E2D7C74}.Debug|x64.Build.0 = Debug|Any CPU
		{471EFD5B-78DD-44CA-8F30-90AA0E2D7C74}.Debug|x86.ActiveCfg = Debug|Any CPU
		{471EFD5B-78DD-44CA-8F30-90AA0E2D7C74}.Debug|x86.Build.0 = Debug|Any CPU
		{471EFD5B-78DD-44CA-8F30-90AA0E2D7C74}.Release|Any CPU.ActiveCfg = Release|Any CPU
		{471EFD5B-78DD-44CA-8F30-90AA0E2D7C74}.Release|Any CPU.Build.0 = Release|Any CPU
		{471EFD5B-78DD-44CA-8F30-90AA0E2D7C74}.Release|x64.ActiveCfg = Release|Any CPU
		{471EFD5B-78DD-44CA-8F30-90AA0E2D7C74}.Release|x64.Build.0 = Release|Any CPU
		{471EFD5B-78DD-44CA-8F30-90AA0E2D7C74}.Release|x86.ActiveCfg = Release|Any CPU
		{471EFD5B-78DD-44CA-8F30-90AA0E2D7C74}.Release|x86.Build.0 = Release|Any CPU
		{F485C3CA-D1A6-4AB3-A4E5-2D1B223408D7}.Debug|Any CPU.ActiveCfg = Debug|Any CPU
		{F485C3CA-D1A6-4AB3-A4E5-2D1B223408D7}.Debug|Any CPU.Build.0 = Debug|Any CPU
		{F485C3CA-D1A6-4AB3-A4E5-2D1B223408D7}.Debug|x64.ActiveCfg = Debug|Any CPU
		{F485C3CA-D1A6-4AB3-A4E5-2D1B223408D7}.Debug|x64.Build.0 = Debug|Any CPU
		{F485C3CA-D1A6-4AB3-A4E5-2D1B223408D7}.Debug|x86.ActiveCfg = Debug|Any CPU
		{F485C3CA-D1A6-4AB3-A4E5-2D1B223408D7}.Debug|x86.Build.0 = Debug|Any CPU
		{F485C3CA-D1A6-4AB3-A4E5-2D1B223408D7}.Release|Any CPU.ActiveCfg = Release|Any CPU
		{F485C3CA-D1A6-4AB3-A4E5-2D1B223408D7}.Release|Any CPU.Build.0 = Release|Any CPU
		{F485C3CA-D1A6-4AB3-A4E5-2D1B223408D7}.Release|x64.ActiveCfg = Release|Any CPU
		{F485C3CA-D1A6-4AB3-A4E5-2D1B223408D7}.Release|x64.Build.0 = Release|Any CPU
		{F485C3CA-D1A6-4AB3-A4E5-2D1B223408D7}.Release|x86.ActiveCfg = Release|Any CPU
		{F485C3CA-D1A6-4AB3-A4E5-2D1B223408D7}.Release|x86.Build.0 = Release|Any CPU
	EndGlobalSection
	GlobalSection(SolutionProperties) = preSolution
		HideSolutionNode = FALSE
	EndGlobalSection
EndGlobal
